{
    "_meta": {
        "hash": {
            "sha256": "c2bd5c6c037bf274ecb29d9ee8c64a587044f0d1c9dc27b5e25c7713249200b3"
        },
        "pipfile-spec": 6,
        "requires": {
            "python_full_version": "3.9.18",
            "python_version": "3.9"
        },
        "sources": [
            {
                "name": "pypi",
                "url": "https://pypi.org/simple",
                "verify_ssl": true
            }
        ]
    },
    "default": {
        "gunicorn": {
            "hashes": [
                "sha256:3213aa5e8c24949e792bcacfc176fef362e7aac80b76c56f6b5122bf350722f0",
                "sha256:88ec8bff1d634f98e61b9f65bc4bf3cd918a90806c6f5c48bc5603849ec81033"
            ],
            "index": "pypi",
            "version": "==21.2.0"
        },
        "packaging": {
            "hashes": [
                "sha256:048fb0e9405036518eaaf48a55953c750c11e1a1b68e0dd1a9d62ed0c092cfc5",
                "sha256:8c491190033a9af7e1d931d0b5dacc2ef47509b34dd0de67ed209b5203fc88c7"
            ],
            "markers": "python_version >= '3.7'",
            "version": "==23.2"
        },
        "slack-bolt": {
            "hashes": [
                "sha256:43b121acf78440303ce5129e53be36bdfe5d926a193daef7daf2860688e65dd3",
                "sha256:63089a401ae3900c37698890249acd008a4651d06e86194edc7b72a00819bbac"
            ],
            "index": "pypi",
            "version": "==1.18.0"
        },
        "slack-sdk": {
            "hashes": [
                "sha256:2a8513505cced20ceee22b5b49c11d9545caa6234b56bf0ad47133ea5b357d10",
                "sha256:9d6ebc4ff74e7983e1b27dbdb0f2bb6fc3c2a2451694686eaa2be23bbb085a73"
            ],
            "markers": "python_full_version >= '3.6.0'",
            "version": "==3.23.0"
        }
    },
    "develop": {}
}
